
Microsoft Visual Studio Solution File, Format Version 12.00
# Visual Studio Version 16
VisualStudioVersion = 16.0.33027.164
MinimumVisualStudioVersion = 10.0.40219.1
Project("{FAE04EC0-301F-11D3-BF4B-00C04F79EFBC}") = "KarvanPlan", "KarvanPlan\KarvanPlan.csproj", "{43B63351-1934-437E-85B0-9CB6DBB279DE}"
EndProject
Global
	GlobalSection(SolutionConfigurationPlatforms) = preSolution
		Debug|Any CPU = Debug|Any CPU
		Release|Any CPU = Release|Any CPU
	EndGlobalSection
	GlobalSection(ProjectConfigurationPlatforms) = postSolution
		{43B63351-1934-437E-85B0-9CB6DBB279DE}.Debug|Any CPU.ActiveCfg = Debug|Any CPU
		{43B63351-1934-437E-85B0-9CB6DBB279DE}.Debug|Any CPU.Build.0 = Debug|Any CPU
		{43B63351-1934-437E-85B0-9CB6DBB279DE}.Release|Any CPU.ActiveCfg = Release|Any CPU
		{43B63351-1934-437E-85B0-9CB6DBB279DE}.Release|Any CPU.Build.0 = Release|Any CPU
	EndGlobalSection
	GlobalSection(SolutionProperties) = preSolution
		HideSolutionNode = FALSE
	EndGlobalSection
	GlobalSection(ExtensibilityGlobals) = postSolution
		SolutionGuid = {761489C1-4B5C-4245-98F1-C299694909B7}
	EndGlobalSection
EndGlobal
